{
  "name": "musafety",
  "version": "0.4.7",
  "lockfileVersion": 3,
  "requires": true,
  "packages": {
    "": {
      "name": "musafety",
      "version": "0.4.7",
      "license": "MIT",
      "bin": {
        "multiagent-safety": "bin/multiagent-safety.js",
        "musafety": "bin/multiagent-safety.js"
      },
      "engines": {
        "node": ">=18"
      },
      "funding": {
        "url": "https://github.com/sponsors/recodeecom"
      }
    }
  }
}
